
Microsoft Visual Studio Solution File, Format Version 12.00
# Visual Studio Version 17
VisualStudioVersion = 17.11.35303.130
MinimumVisualStudioVersion = 10.0.40219.1
Project("{9A19103F-16F7-4668-BE54-9A1E7A4F7556}") = "EventOn", "EventOn\EventOn.csproj", "{2F0E97B8-9736-4643-B4D1-79FF53A56157}"
EndProject
Global
	GlobalSection(SolutionConfigurationPlatforms) = preSolution
		Debug|Any CPU = Debug|Any CPU
		Release|Any CPU = Release|Any CPU
	EndGlobalSection
	GlobalSection(ProjectConfigurationPlatforms) = postSolution
		{2F0E97B8-9736-4643-B4D1-79FF53A56157}.Debug|Any CPU.ActiveCfg = Debug|Any CPU
		{2F0E97B8-9736-4643-B4D1-79FF53A56157}.Debug|Any CPU.Build.0 = Debug|Any CPU
		{2F0E97B8-9736-4643-B4D1-79FF53A56157}.Debug|Any CPU.Deploy.0 = Debug|Any CPU
		{2F0E97B8-9736-4643-B4D1-79FF53A56157}.Release|Any CPU.ActiveCfg = Release|Any CPU
		{2F0E97B8-9736-4643-B4D1-79FF53A56157}.Release|Any CPU.Build.0 = Release|Any CPU
		{2F0E97B8-9736-4643-B4D1-79FF53A56157}.Release|Any CPU.Deploy.0 = Release|Any CPU
	EndGlobalSection
	GlobalSection(SolutionProperties) = preSolution
		HideSolutionNode = FALSE
	EndGlobalSection
	GlobalSection(ExtensibilityGlobals) = postSolution
		SolutionGuid = {3934297D-CC5E-494D-854A-B04E881165CC}
	EndGlobalSection
EndGlobal
